
Microsoft Visual Studio Solution File, Format Version 12.00
# Visual Studio Version 17
VisualStudioVersion = 17.7.34024.191
MinimumVisualStudioVersion = 10.0.40219.1
Project("{FAE04EC0-301F-11D3-BF4B-00C04F79EFBC}") = "Pedro.App", "src\Pedro.App\Pedro.App.csproj", "{B3CF0895-CB94-4CF3-A744-D6E74DC7438D}"
EndProject
Project("{9A19103F-16F7-4668-BE54-9A1E7A4F7556}") = "Pedro.Data", "src\Pedro.Data\Pedro.Data.csproj", "{D7D623B4-CBE5-489B-9E72-92D420705335}"
EndProject
Project("{9A19103F-16F7-4668-BE54-9A1E7A4F7556}") = "Pedro.Business", "src\Pedro.Business\Pedro.Business.csproj", "{EEC83EEB-18C4-4F2D-8BA4-707A4E646D73}"
EndProject
Global
	GlobalSection(SolutionConfigurationPlatforms) = preSolution
		Debug|Any CPU = Debug|Any CPU
		Release|Any CPU = Release|Any CPU
	EndGlobalSection
	GlobalSection(ProjectConfigurationPlatforms) = postSolution
		{B3CF0895-CB94-4CF3-A744-D6E74DC7438D}.Debug|Any CPU.ActiveCfg = Debug|Any CPU
		{B3CF0895-CB94-4CF3-A744-D6E74DC7438D}.Debug|Any CPU.Build.0 = Debug|Any CPU
		{B3CF0895-CB94-4CF3-A744-D6E74DC7438D}.Release|Any CPU.ActiveCfg = Release|Any CPU
		{B3CF0895-CB94-4CF3-A744-D6E74DC7438D}.Release|Any CPU.Build.0 = Release|Any CPU
		{D7D623B4-CBE5-489B-9E72-92D420705335}.Debug|Any CPU.ActiveCfg = Debug|Any CPU
		{D7D623B4-CBE5-489B-9E72-92D420705335}.Debug|Any CPU.Build.0 = Debug|Any CPU
		{D7D623B4-CBE5-489B-9E72-92D420705335}.Release|Any CPU.ActiveCfg = Release|Any CPU
		{D7D623B4-CBE5-489B-9E72-92D420705335}.Release|Any CPU.Build.0 = Release|Any CPU
		{EEC83EEB-18C4-4F2D-8BA4-707A4E646D73}.Debug|Any CPU.ActiveCfg = Debug|Any CPU
		{EEC83EEB-18C4-4F2D-8BA4-707A4E646D73}.Debug|Any CPU.Build.0 = Debug|Any CPU
		{EEC83EEB-18C4-4F2D-8BA4-707A4E646D73}.Release|Any CPU.ActiveCfg = Release|Any CPU
		{EEC83EEB-18C4-4F2D-8BA4-707A4E646D73}.Release|Any CPU.Build.0 = Release|Any CPU
	EndGlobalSection
	GlobalSection(SolutionProperties) = preSolution
		HideSolutionNode = FALSE
	EndGlobalSection
	GlobalSection(ExtensibilityGlobals) = postSolution
		SolutionGuid = {5399C697-02D4-4D1B-A33A-7C683AB09CC5}
	EndGlobalSection
EndGlobal
